// !$*UTF8*$!
{
	archiveVersion = 1;
	classes = {
	};
	objectVersion = 46;
	objects = {

/* Begin PBXBuildFile section */
		3280B4931CF1D2EE00862141 /* AppDelegate.swift in Sources */ = {isa = PBXBuildFile; fileRef = 3280B4921CF1D2EE00862141 /* AppDelegate.swift */; };
		3280B4981CF1D2EE00862141 /* Main.storyboard in Resources */ = {isa = PBXBuildFile; fileRef = 3280B4961CF1D2EE00862141 /* Main.storyboard */; };
		3280B49A1CF1D2EE00862141 /* Assets.xcassets in Resources */ = {isa = PBXBuildFile; fileRef = 3280B4991CF1D2EE00862141 /* Assets.xcassets */; };
		3280B49D1CF1D2EF00862141 /* LaunchScreen.storyboard in Resources */ = {isa = PBXBuildFile; fileRef = 3280B49B1CF1D2EE00862141 /* LaunchScreen.storyboard */; };
		3280B4A81CF1D2EF00862141 /* TodoRenewalTests.swift in Sources */ = {isa = PBXBuildFile; fileRef = 3280B4A71CF1D2EF00862141 /* TodoRenewalTests.swift */; };
		3280B4B31CF1D2EF00862141 /* TodoRenewalUITests.swift in Sources */ = {isa = PBXBuildFile; fileRef = 3280B4B21CF1D2EF00862141 /* TodoRenewalUITests.swift */; };
		3280B4C11CF1D37800862141 /* TodoListTableViewController.swift in Sources */ = {isa = PBXBuildFile; fileRef = 3280B4C01CF1D37800862141 /* TodoListTableViewController.swift */; };
		3280B4C31CF1D3F300862141 /* Todo.swift in Sources */ = {isa = PBXBuildFile; fileRef = 3280B4C21CF1D3F300862141 /* Todo.swift */; };
		3280B4C51CF1D41800862141 /* TodoCollection.swift in Sources */ = {isa = PBXBuildFile; fileRef = 3280B4C41CF1D41800862141 /* TodoCollection.swift */; };
		3280B4C91CF1D52C00862141 /* NewTodoViewController.swift in Sources */ = {isa = PBXBuildFile; fileRef = 3280B4C81CF1D52C00862141 /* NewTodoViewController.swift */; };
/* End PBXBuildFile section */

/* Begin PBXContainerItemProxy section */
		3280B4A41CF1D2EF00862141 /* PBXContainerItemProxy */ = {
			isa = PBXContainerItemProxy;
			containerPortal = 3280B4871CF1D2EE00862141 /* Project object */;
			proxyType = 1;
			remoteGlobalIDString = 3280B48E1CF1D2EE00862141;
			remoteInfo = TodoRenewal;
		};
		3280B4AF1CF1D2EF00862141 /* PBXContainerItemProxy */ = {
			isa = PBXContainerItemProxy;
			containerPortal = 3280B4871CF1D2EE00862141 /* Project object */;
			proxyType = 1;
			remoteGlobalIDString = 3280B48E1CF1D2EE00862141;
			remoteInfo = TodoRenewal;
		};
/* End PBXContainerItemProxy section */

/* Begin PBXFileReference section */
		3280B48F1CF1D2EE00862141 /* TodoRenewal.app */ = {isa = PBXFileReference; explicitFileType = wrapper.application; includeInIndex = 0; path = TodoRenewal.app; sourceTree = BUILT_PRODUCTS_DIR; };
		3280B4921CF1D2EE00862141 /* AppDelegate.swift */ = {isa = PBXFileReference; lastKnownFileType = sourcecode.swift; path = AppDelegate.swift; sourceTree = "<group>"; };
		3280B4971CF1D2EE00862141 /* Base */ = {isa = PBXFileReference; lastKnownFileType = file.storyboard; name = Base; path = Base.lproj/Main.storyboard; sourceTree = "<group>"; };
		3280B4991CF1D2EE00862141 /* Assets.xcassets */ = {isa = PBXFileReference; lastKnownFileType = folder.assetcatalog; path = Assets.xcassets; sourceTree = "<group>"; };
		3280B49C1CF1D2EE00862141 /* Base */ = {isa = PBXFileReference; lastKnownFileType = file.storyboard; name = Base; path = Base.lproj/LaunchScreen.storyboard; sourceTree = "<group>"; };
		3280B49E1CF1D2EF00862141 /* Info.plist */ = {isa = PBXFileReference; lastKnownFileType = text.plist.xml; path = Info.plist; sourceTree = "<group>"; };
		3280B4A31CF1D2EF00862141 /* TodoRenewalTests.xctest */ = {isa = PBXFileReference; explicitFileType = wrapper.cfbundle; includeInIndex = 0; path = TodoRenewalTests.xctest; sourceTree = BUILT_PRODUCTS_DIR; };
		3280B4A71CF1D2EF00862141 /* TodoRenewalTests.swift */ = {isa = PBXFileReference; lastKnownFileType = sourcecode.swift; path = TodoRenewalTests.swift; sourceTree = "<group>"; };
		3280B4A91CF1D2EF00862141 /* Info.plist */ = {isa = PBXFileReference; lastKnownFileType = text.plist.xml; path = Info.plist; sourceTree = "<group>"; };
		3280B4AE1CF1D2EF00862141 /* TodoRenewalUITests.xctest */ = {isa = PBXFileReference; explicitFileType = wrapper.cfbundle; includeInIndex = 0; path = TodoRenewalUITests.xctest; sourceTree = BUILT_PRODUCTS_DIR; };
		3280B4B21CF1D2EF00862141 /* TodoRenewalUITests.swift */ = {isa = PBXFileReference; lastKnownFileType = sourcecode.swift; path = TodoRenewalUITests.swift; sourceTree = "<group>"; };
		3280B4B41CF1D2EF00862141 /* Info.plist */ = {isa = PBXFileReference; lastKnownFileType = text.plist.xml; path = Info.plist; sourceTree = "<group>"; };
		3280B4C01CF1D37800862141 /* TodoListTableViewController.swift */ = {isa = PBXFileReference; fileEncoding = 4; lastKnownFileType = sourcecode.swift; path = TodoListTableViewController.swift; sourceTree = "<group>"; };
		3280B4C21CF1D3F300862141 /* Todo.swift */ = {isa = PBXFileReference; fileEncoding = 4; lastKnownFileType = sourcecode.swift; path = Todo.swift; sourceTree = "<group>"; };
		3280B4C41CF1D41800862141 /* TodoCollection.swift */ = {isa = PBXFileReference; fileEncoding = 4; lastKnownFileType = sourcecode.swift; path = TodoCollection.swift; sourceTree = "<group>"; };
		3280B4C81CF1D52C00862141 /* NewTodoViewController.swift */ = {isa = PBXFileReference; fileEncoding = 4; lastKnownFileType = sourcecode.swift; path = NewTodoViewController.swift; sourceTree = "<group>"; };
/* End PBXFileReference section */

/* Begin PBXFrameworksBuildPhase section */
		3280B48C1CF1D2EE00862141 /* Frameworks */ = {
			isa = PBXFrameworksBuildPhase;
			buildActionMask = 2147483647;
			files = (
			);
			runOnlyForDeploymentPostprocessing = 0;
		};
		3280B4A01CF1D2EF00862141 /* Frameworks */ = {
			isa = PBXFrameworksBuildPhase;
			buildActionMask = 2147483647;
			files = (
			);
			runOnlyForDeploymentPostprocessing = 0;
		};
		3280B4AB1CF1D2EF00862141 /* Frameworks */ = {
			isa = PBXFrameworksBuildPhase;
			buildActionMask = 2147483647;
			files = (
			);
			runOnlyForDeploymentPostprocessing = 0;
		};
/* End PBXFrameworksBuildPhase section */

/* Begin PBXGroup section */
		3280B4861CF1D2EE00862141 = {
			isa = PBXGroup;
			children = (
				3280B4911CF1D2EE00862141 /* TodoRenewal */,
				3280B4A61CF1D2EF00862141 /* TodoRenewalTests */,
				3280B4B11CF1D2EF00862141 /* TodoRenewalUITests */,
				3280B4901CF1D2EE00862141 /* Products */,
			);
			sourceTree = "<group>";
		};
		3280B4901CF1D2EE00862141 /* Products */ = {
			isa = PBXGroup;
			children = (
				3280B48F1CF1D2EE00862141 /* TodoRenewal.app */,
				3280B4A31CF1D2EF00862141 /* TodoRenewalTests.xctest */,
				3280B4AE1CF1D2EF00862141 /* TodoRenewalUITests.xctest */,
			);
			name = Products;
			sourceTree = "<group>";
		};
		3280B4911CF1D2EE00862141 /* TodoRenewal */ = {
			isa = PBXGroup;
			children = (
				3280B4921CF1D2EE00862141 /* AppDelegate.swift */,
				3280B4961CF1D2EE00862141 /* Main.storyboard */,
				3280B4C71CF1D4E700862141 /* Models */,
				3280B4C61CF1D4DE00862141 /* Controllers */,
				3280B4991CF1D2EE00862141 /* Assets.xcassets */,
				3280B49B1CF1D2EE00862141 /* LaunchScreen.storyboard */,
				3280B49E1CF1D2EF00862141 /* Info.plist */,
			);
			path = TodoRenewal;
			sourceTree = "<group>";
		};
		3280B4A61CF1D2EF00862141 /* TodoRenewalTests */ = {
			isa = PBXGroup;
			children = (
				3280B4A71CF1D2EF00862141 /* TodoRenewalTests.swift */,
				3280B4A91CF1D2EF00862141 /* Info.plist */,
			);
			path = TodoRenewalTests;
			sourceTree = "<group>";
		};
		3280B4B11CF1D2EF00862141 /* TodoRenewalUITests */ = {
			isa = PBXGroup;
			children = (
				3280B4B21CF1D2EF00862141 /* TodoRenewalUITests.swift */,
				3280B4B41CF1D2EF00862141 /* Info.plist */,
			);
			path = TodoRenewalUITests;
			sourceTree = "<group>";
		};
		3280B4C61CF1D4DE00862141 /* Controllers */ = {
			isa = PBXGroup;
			children = (
				3280B4C01CF1D37800862141 /* TodoListTableViewController.swift */,
				3280B4C81CF1D52C00862141 /* NewTodoViewController.swift */,
			);
			name = Controllers;
			sourceTree = "<group>";
		};
		3280B4C71CF1D4E700862141 /* Models */ = {
			isa = PBXGroup;
			children = (
				3280B4C21CF1D3F300862141 /* Todo.swift */,
				3280B4C41CF1D41800862141 /* TodoCollection.swift */,
			);
			name = Models;
			sourceTree = "<group>";
		};
/* End PBXGroup section */

/* Begin PBXNativeTarget section */
		3280B48E1CF1D2EE00862141 /* TodoRenewal */ = {
			isa = PBXNativeTarget;
			buildConfigurationList = 3280B4B71CF1D2EF00862141 /* Build configuration list for PBXNativeTarget "TodoRenewal" */;
			buildPhases = (
				3280B48B1CF1D2EE00862141 /* Sources */,
				3280B48C1CF1D2EE00862141 /* Frameworks */,
				3280B48D1CF1D2EE00862141 /* Resources */,
			);
			buildRules = (
			);
			dependencies = (
			);
			name = TodoRenewal;
			productName = TodoRenewal;
			productReference = 3280B48F1CF1D2EE00862141 /* TodoRenewal.app */;
			productType = "com.apple.product-type.application";
		};
		3280B4A21CF1D2EF00862141 /* TodoRenewalTests */ = {
			isa = PBXNativeTarget;
			buildConfigurationList = 3280B4BA1CF1D2EF00862141 /* Build configuration list for PBXNativeTarget "TodoRenewalTests" */;
			buildPhases = (
				3280B49F1CF1D2EF00862141 /* Sources */,
				3280B4A01CF1D2EF00862141 /* Frameworks */,
				3280B4A11CF1D2EF00862141 /* Resources */,
			);
			buildRules = (
			);
			dependencies = (
				3280B4A51CF1D2EF00862141 /* PBXTargetDependency */,
			);
			name = TodoRenewalTests;
			productName = TodoRenewalTests;
			productReference = 3280B4A31CF1D2EF00862141 /* TodoRenewalTests.xctest */;
			productType = "com.apple.product-type.bundle.unit-test";
		};
		3280B4AD1CF1D2EF00862141 /* TodoRenewalUITests */ = {
			isa = PBXNativeTarget;
			buildConfigurationList = 3280B4BD1CF1D2EF00862141 /* Build configuration list for PBXNativeTarget "TodoRenewalUITests" */;
			buildPhases = (
				3280B4AA1CF1D2EF00862141 /* Sources */,
				3280B4AB1CF1D2EF00862141 /* Frameworks */,
				3280B4AC1CF1D2EF00862141 /* Resources */,
			);
			buildRules = (
			);
			dependencies = (
				3280B4B01CF1D2EF00862141 /* PBXTargetDependency */,
			);
			name = TodoRenewalUITests;
			productName = TodoRenewalUITests;
			productReference = 3280B4AE1CF1D2EF00862141 /* TodoRenewalUITests.xctest */;
			productType = "com.apple.product-type.bundle.ui-testing";
		};
/* End PBXNativeTarget section */

/* Begin PBXProject section */
		3280B4871CF1D2EE00862141 /* Project object */ = {
			isa = PBXProject;
			attributes = {
				LastSwiftUpdateCheck = 0730;
				LastUpgradeCheck = 0730;
				ORGANIZATIONNAME = "matsushita keita";
				TargetAttributes = {
					3280B48E1CF1D2EE00862141 = {
						CreatedOnToolsVersion = 7.3;
					};
					3280B4A21CF1D2EF00862141 = {
						CreatedOnToolsVersion = 7.3;
						TestTargetID = 3280B48E1CF1D2EE00862141;
					};
					3280B4AD1CF1D2EF00862141 = {
						CreatedOnToolsVersion = 7.3;
						TestTargetID = 3280B48E1CF1D2EE00862141;
					};
				};
			};
			buildConfigurationList = 3280B48A1CF1D2EE00862141 /* Build configuration list for PBXProject "TodoRenewal" */;
			compatibilityVersion = "Xcode 3.2";
			developmentRegion = English;
			hasScannedForEncodings = 0;
			knownRegions = (
				en,
				Base,
			);
			mainGroup = 3280B4861CF1D2EE00862141;
			productRefGroup = 3280B4901CF1D2EE00862141 /* Products */;
			projectDirPath = "";
			projectRoot = "";
			targets = (
				3280B48E1CF1D2EE00862141 /* TodoRenewal */,
				3280B4A21CF1D2EF00862141 /* TodoRenewalTests */,
				3280B4AD1CF1D2EF00862141 /* TodoRenewalUITests */,
			);
		};
/* End PBXProject section */

/* Begin PBXResourcesBuildPhase section */
		3280B48D1CF1D2EE00862141 /* Resources */ = {
			isa = PBXResourcesBuildPhase;
			buildActionMask = 2147483647;
			files = (
				3280B49D1CF1D2EF00862141 /* LaunchScreen.storyboard in Resources */,
				3280B49A1CF1D2EE00862141 /* Assets.xcassets in Resources */,
				3280B4981CF1D2EE00862141 /* Main.storyboard in Resources */,
			);
			runOnlyForDeploymentPostprocessing = 0;
		};
		3280B4A11CF1D2EF00862141 /* Resources */ = {
			isa = PBXResourcesBuildPhase;
			buildActionMask = 2147483647;
			files = (
			);
			runOnlyForDeploymentPostprocessing = 0;
		};
		3280B4AC1CF1D2EF00862141 /* Resources */ = {
			isa = PBXResourcesBuildPhase;
			buildActionMask = 2147483647;
			files = (
			);
			runOnlyForDeploymentPostprocessing = 0;
		};
/* End PBXResourcesBuildPhase section */

/* Begin PBXSourcesBuildPhase section */
		3280B48B1CF1D2EE00862141 /* Sources */ = {
			isa = PBXSourcesBuildPhase;
			buildActionMask = 2147483647;
			files = (
				3280B4931CF1D2EE00862141 /* AppDelegate.swift in Sources */,
				3280B4C51CF1D41800862141 /* TodoCollection.swift in Sources */,
				3280B4C31CF1D3F300862141 /* Todo.swift in Sources */,
				3280B4C91CF1D52C00862141 /* NewTodoViewController.swift in Sources */,
				3280B4C11CF1D37800862141 /* TodoListTableViewController.swift in Sources */,
			);
			runOnlyForDeploymentPostprocessing = 0;
		};
		3280B49F1CF1D2EF00862141 /* Sources */ = {
			isa = PBXSourcesBuildPhase;
			buildActionMask = 2147483647;
			files = (
				3280B4A81CF1D2EF00862141 /* TodoRenewalTests.swift in Sources */,
			);
			runOnlyForDeploymentPostprocessing = 0;
		};
		3280B4AA1CF1D2EF00862141 /* Sources */ = {
			isa = PBXSourcesBuildPhase;
			buildActionMask = 2147483647;
			files = (
				3280B4B31CF1D2EF00862141 /* TodoRenewalUITests.swift in Sources */,
			);
			runOnlyForDeploymentPostprocessing = 0;
		};
/* End PBXSourcesBuildPhase section */

/* Begin PBXTargetDependency section */
		3280B4A51CF1D2EF00862141 /* PBXTargetDependency */ = {
			isa = PBXTargetDependency;
			target = 3280B48E1CF1D2EE00862141 /* TodoRenewal */;
			targetProxy = 3280B4A41CF1D2EF00862141 /* PBXContainerItemProxy */;
		};
		3280B4B01CF1D2EF00862141 /* PBXTargetDependency */ = {
			isa = PBXTargetDependency;
			target = 3280B48E1CF1D2EE00862141 /* TodoRenewal */;
			targetProxy = 3280B4AF1CF1D2EF00862141 /* PBXContainerItemProxy */;
		};
/* End PBXTargetDependency section */

/* Begin PBXVariantGroup section */
		3280B4961CF1D2EE00862141 /* Main.storyboard */ = {
			isa = PBXVariantGroup;
			children = (
				3280B4971CF1D2EE00862141 /* Base */,
			);
			name = Main.storyboard;
			sourceTree = "<group>";
		};
		3280B49B1CF1D2EE00862141 /* LaunchScreen.storyboard */ = {
			isa = PBXVariantGroup;
			children = (
				3280B49C1CF1D2EE00862141 /* Base */,
			);
			name = LaunchScreen.storyboard;
			sourceTree = "<group>";
		};
/* End PBXVariantGroup section */

/* Begin XCBuildConfiguration section */
		3280B4B51CF1D2EF00862141 /* Debug */ = {
			isa = XCBuildConfiguration;
			buildSettings = {
				ALWAYS_SEARCH_USER_PATHS = NO;
				CLANG_ANALYZER_NONNULL = YES;
				CLANG_CXX_LANGUAGE_STANDARD = "gnu++0x";
				CLANG_CXX_LIBRARY = "libc++";
				CLANG_ENABLE_MODULES = YES;
				CLANG_ENABLE_OBJC_ARC = YES;
				CLANG_WARN_BOOL_CONVERSION = YES;
				CLANG_WARN_CONSTANT_CONVERSION = YES;
				CLANG_WARN_DIRECT_OBJC_ISA_USAGE = YES_ERROR;
				CLANG_WARN_EMPTY_BODY = YES;
				CLANG_WARN_ENUM_CONVERSION = YES;
				CLANG_WARN_INT_CONVERSION = YES;
				CLANG_WARN_OBJC_ROOT_CLASS = YES_ERROR;
				CLANG_WARN_UNREACHABLE_CODE = YES;
				CLANG_WARN__DUPLICATE_METHOD_MATCH = YES;
				"CODE_SIGN_IDENTITY[sdk=iphoneos*]" = "iPhone Developer";
				COPY_PHASE_STRIP = NO;
				DEBUG_INFORMATION_FORMAT = dwarf;
				ENABLE_STRICT_OBJC_MSGSEND = YES;
				ENABLE_TESTABILITY = YES;
				GCC_C_LANGUAGE_STANDARD = gnu99;
				GCC_DYNAMIC_NO_PIC = NO;
				GCC_NO_COMMON_BLOCKS = YES;
				GCC_OPTIMIZATION_LEVEL = 0;
				GCC_PREPROCESSOR_DEFINITIONS = (
					"DEBUG=1",
					"$(inherited)",
				);
				GCC_WARN_64_TO_32_BIT_CONVERSION = YES;
				GCC_WARN_ABOUT_RETURN_TYPE = YES_ERROR;
				GCC_WARN_UNDECLARED_SELECTOR = YES;
				GCC_WARN_UNINITIALIZED_AUTOS = YES_AGGRESSIVE;
				GCC_WARN_UNUSED_FUNCTION = YES;
				GCC_WARN_UNUSED_VARIABLE = YES;
				IPHONEOS_DEPLOYMENT_TARGET = 9.3;
				MTL_ENABLE_DEBUG_INFO = YES;
				ONLY_ACTIVE_ARCH = YES;
				SDKROOT = iphoneos;
				SWIFT_OPTIMIZATION_LEVEL = "-Onone";
			};
			name = Debug;
		};
		3280B4B61CF1D2EF00862141 /* Release */ = {
			isa = XCBuildConfiguration;
			buildSettings = {
				ALWAYS_SEARCH_USER_PATHS = NO;
				CLANG_ANALYZER_NONNULL = YES;
				CLANG_CXX_LANGUAGE_STANDARD = "gnu++0x";
				CLANG_CXX_LIBRARY = "libc++";
				CLANG_ENABLE_MODULES = YES;
				CLANG_ENABLE_OBJC_ARC = YES;
				CLANG_WARN_BOOL_CONVERSION = YES;
				CLANG_WARN_CONSTANT_CONVERSION = YES;
				CLANG_WARN_DIRECT_OBJC_ISA_USAGE = YES_ERROR;
				CLANG_WARN_EMPTY_BODY = YES;
				CLANG_WARN_ENUM_CONVERSION = YES;
				CLANG_WARN_INT_CONVERSION = YES;
				CLANG_WARN_OBJC_ROOT_CLASS = YES_ERROR;
				CLANG_WARN_UNREACHABLE_CODE = YES;
				CLANG_WARN__DUPLICATE_METHOD_MATCH = YES;
				"CODE_SIGN_IDENTITY[sdk=iphoneos*]" = "iPhone Developer";
				COPY_PHASE_STRIP = NO;
				DEBUG_INFORMATION_FORMAT = "dwarf-with-dsym";
				ENABLE_NS_ASSERTIONS = NO;
				ENABLE_STRICT_OBJC_MSGSEND = YES;
				GCC_C_LANGUAGE_STANDARD = gnu99;
				GCC_NO_COMMON_BLOCKS = YES;
				GCC_WARN_64_TO_32_BIT_CONVERSION = YES;
				GCC_WARN_ABOUT_RETURN_TYPE = YES_ERROR;
				GCC_WARN_UNDECLARED_SELECTOR = YES;
				GCC_WARN_UNINITIALIZED_AUTOS = YES_AGGRESSIVE;
				GCC_WARN_UNUSED_FUNCTION = YES;
				GCC_WARN_UNUSED_VARIABLE = YES;
				IPHONEOS_DEPLOYMENT_TARGET = 9.3;
				MTL_ENABLE_DEBUG_INFO = NO;
				SDKROOT = iphoneos;
				VALIDATE_PRODUCT = YES;
			};
			name = Release;
		};
		3280B4B81CF1D2EF00862141 /* Debug */ = {
			isa = XCBuildConfiguration;
			buildSettings = {
				ASSETCATALOG_COMPILER_APPICON_NAME = AppIcon;
				INFOPLIST_FILE = TodoRenewal/Info.plist;
				LD_RUNPATH_SEARCH_PATHS = "$(inherited) @executable_path/Frameworks";
				PRODUCT_BUNDLE_IDENTIFIER = com.kinoponchan.TodoRenewal;
				PRODUCT_NAME = "$(TARGET_NAME)";
			};
			name = Debug;
		};
		3280B4B91CF1D2EF00862141 /* Release */ = {
			isa = XCBuildConfiguration;
			buildSettings = {
				ASSETCATALOG_COMPILER_APPICON_NAME = AppIcon;
				INFOPLIST_FILE = TodoRenewal/Info.plist;
				LD_RUNPATH_SEARCH_PATHS = "$(inherited) @executable_path/Frameworks";
				PRODUCT_BUNDLE_IDENTIFIER = com.kinoponchan.TodoRenewal;
				PRODUCT_NAME = "$(TARGET_NAME)";
			};
			name = Release;
		};
		3280B4BB1CF1D2EF00862141 /* Debug */ = {
			isa = XCBuildConfiguration;
			buildSettings = {
				BUNDLE_LOADER = "$(TEST_HOST)";
				INFOPLIST_FILE = TodoRenewalTests/Info.plist;
				LD_RUNPATH_SEARCH_PATHS = "$(inherited) @executable_path/Frameworks @loader_path/Frameworks";
				PRODUCT_BUNDLE_IDENTIFIER = com.kinoponchan.TodoRenewalTests;
				PRODUCT_NAME = "$(TARGET_NAME)";
				TEST_HOST = "$(BUILT_PRODUCTS_DIR)/TodoRenewal.app/TodoRenewal";
			};
			name = Debug;
		};
		3280B4BC1CF1D2EF00862141 /* Release */ = {
			isa = XCBuildConfiguration;
			buildSettings = {
				BUNDLE_LOADER = "$(TEST_HOST)";
				INFOPLIST_FILE = TodoRenewalTests/Info.plist;
				LD_RUNPATH_SEARCH_PATHS = "$(inherited) @executable_path/Frameworks @loader_path/Frameworks";
				PRODUCT_BUNDLE_IDENTIFIER = com.kinoponchan.TodoRenewalTests;
				PRODUCT_NAME = "$(TARGET_NAME)";
				TEST_HOST = "$(BUILT_PRODUCTS_DIR)/TodoRenewal.app/TodoRenewal";
			};
			name = Release;
		};
		3280B4BE1CF1D2EF00862141 /* Debug */ = {
			isa = XCBuildConfiguration;
			buildSettings = {
				INFOPLIST_FILE = TodoRenewalUITests/Info.plist;
				LD_RUNPATH_SEARCH_PATHS = "$(inherited) @executable_path/Frameworks @loader_path/Frameworks";
				PRODUCT_BUNDLE_IDENTIFIER = com.kinoponchan.TodoRenewalUITests;
				PRODUCT_NAME = "$(TARGET_NAME)";
				TEST_TARGET_NAME = TodoRenewal;
			};
			name = Debug;
		};
		3280B4BF1CF1D2EF00862141 /* Release */ = {
			isa = XCBuildConfiguration;
			buildSettings = {
				INFOPLIST_FILE = TodoRenewalUITests/Info.plist;
				LD_RUNPATH_SEARCH_PATHS = "$(inherited) @executable_path/Frameworks @loader_path/Frameworks";
				PRODUCT_BUNDLE_IDENTIFIER = com.kinoponchan.TodoRenewalUITests;
				PRODUCT_NAME = "$(TARGET_NAME)";
				TEST_TARGET_NAME = TodoRenewal;
			};
			name = Release;
		};
/* End XCBuildConfiguration section */

/* Begin XCConfigurationList section */
		3280B48A1CF1D2EE00862141 /* Build configuration list for PBXProject "TodoRenewal" */ = {
			isa = XCConfigurationList;
			buildConfigurations = (
				3280B4B51CF1D2EF00862141 /* Debug */,
				3280B4B61CF1D2EF00862141 /* Release */,
			);
			defaultConfigurationIsVisible = 0;
			defaultConfigurationName = Release;
		};
		3280B4B71CF1D2EF00862141 /* Build configuration list for PBXNativeTarget "TodoRenewal" */ = {
			isa = XCConfigurationList;
			buildConfigurations = (
				3280B4B81CF1D2EF00862141 /* Debug */,
				3280B4B91CF1D2EF00862141 /* Release */,
			);
			defaultConfigurationIsVisible = 0;
		};
		3280B4BA1CF1D2EF00862141 /* Build configuration list for PBXNativeTarget "TodoRenewalTests" */ = {
			isa = XCConfigurationList;
			buildConfigurations = (
				3280B4BB1CF1D2EF00862141 /* Debug */,
				3280B4BC1CF1D2EF00862141 /* Release */,
			);
			defaultConfigurationIsVisible = 0;
		};
		3280B4BD1CF1D2EF00862141 /* Build configuration list for PBXNativeTarget "TodoRenewalUITests" */ = {
			isa = XCConfigurationList;
			buildConfigurations = (
				3280B4BE1CF1D2EF00862141 /* Debug */,
				3280B4BF1CF1D2EF00862141 /* Release */,
			);
			defaultConfigurationIsVisible = 0;
		};
/* End XCConfigurationList section */
	};
	rootObject = 3280B4871CF1D2EE00862141 /* Project object */;
}
